version = 1
revision = 3
requires-python = ">=3.9"
resolution-markers = [
    "python_full_version >= '3.10'",
    "python_full_version < '3.10'",
]

[[package]]
name = "cffi"
version = "2.0.0"
source = { registry = "https://pypi.org/simple" }
dependencies = [
    { name = "pycparser", version = "2.23", source = { registry = "https://pypi.org/simple" }, marker = "python_full_version < '3.10' and implementation_name != 'PyPy'" },
    { name = "pycparser", version = "3.0", source = { registry = "https://pypi.org/simple" }, marker = "python_full_version >= '3.10' and implementation_name != 'PyPy'" },
]
sdist = { url = "https://files.pythonhosted.org/packages/eb/56/b1ba7935a17738ae8453301356628e8147c79dbb825bcbc73dc7401f9846/cffi-2.0.0.tar.gz", hash = "sha256:44d1b5909021139fe36001ae048dbdde8214afa20200eda0f64c068cac5d5529", size = 523588, upload-time = "2025-09-08T23:24:04.541Z" }
wheels = [
    { url = "https://files.pythonhosted.org/packages/93/d7/516d984057745a6cd96575eea814fe1edd6646ee6efd552fb7b0921dec83/cffi-2.0.0-cp310-cp310-macosx_10_13_x86_64.whl", hash = "sha256:0cf2d91ecc3fcc0625c2c530fe004f82c110405f101548512cce44322fa8ac44", size = 184283, upload-time = "2025-09-08T23:22:08.01Z" },
    { url = "https://files.pythonhosted.org/packages/9e/84/ad6a0b408daa859246f57c03efd28e5dd1b33c21737c2db84cae8c237aa5/cffi-2.0.0-cp310-cp310-macosx_11_0_arm64.whl", hash = "sha256:f73b96c41e3b2adedc34a7356e64c8eb96e03a3782b535e043a986276ce12a49", size = 180504, upload-time = "2025-09-08T23:22:10.637Z" },
    { url = "https://files.pythonhosted.org/packages/50/bd/b1a6362b80628111e6653c961f987faa55262b4002fcec42308cad1db680/cffi-2.0.0-cp310-cp310-manylinux1_i686.manylinux2014_i686.manylinux_2_17_i686.manylinux_2_5_i686.whl", hash = "sha256:53f77cbe57044e88bbd5ed26ac1d0514d2acf0591dd6bb02a3ae37f76811b80c", size = 208811, upload-time = "2025-09-08T23:22:12.267Z" },
    { url = "https://files.pythonhosted.org/packages/4f/27/6933a8b2562d7bd1fb595074cf99cc81fc3789f6a6c05cdabb46284a3188/cffi-2.0.0-cp310-cp310-manylinux2014_aarch64.manylinux_2_17_aarch64.whl", hash = "sha256:3e837e369566884707ddaf85fc1744b47575005c0a229de3327f8f9a20f4efeb", size = 216402, upload-time = "2025-09-08T23:22:13.455Z" },
    { url = "https://files.pythonhosted.org/packages/05/eb/b86f2a2645b62adcfff53b0dd97e8dfafb5c8aa864bd0d9a2c2049a0d551/cffi-2.0.0-cp310-cp310-manylinux2014_ppc64le.manylinux_2_17_ppc64le.whl", hash = "sha256:5eda85d6d1879e692d546a078b44251cdd08dd1cfb98dfb77b670c97cee49ea0", size = 203217, upload-time = "2025-09-08T23:22:14.596Z" },
    { url = "https://files.pythonhosted.org/packages/9f/e0/6cbe77a53acf5acc7c08cc186c9928864bd7c005f9efd0d126884858a5fe/cffi-2.0.0-cp310-cp310-manylinux2014_s390x.manylinux_2_17_s390x.whl", hash = "sha256:9332088d75dc3241c702d852d4671613136d90fa6881da7d770a483fd05248b4", size = 203079, upload-time = "2025-09-08T23:22:15.769Z" },
    { url = "https://files.pythonhosted.org/packages/98/29/9b366e70e243eb3d14a5cb488dfd3a0b6b2f1fb001a203f653b93ccfac88/cffi-2.0.0-cp310-cp310-manylinux2014_x86_64.manylinux_2_17_x86_64.whl", hash = "sha256:fc7de24befaeae77ba923797c7c87834c73648a05a4bde34b3b7e5588973a453", size = 216475, upload-time = "2025-09-08T23:22:17.427Z" },
    { url = "https://files.pythonhosted.org/packages/21/7a/13b24e70d2f90a322f2900c5d8e1f14fa7e2a6b3332b7309ba7b2ba51a5a/cffi-2.0.0-cp310-cp310-musllinux_1_2_aarch64.whl", hash = "sha256:cf364028c016c03078a23b503f02058f1814320a56ad535686f90565636a9495", size = 218829, upload-time = "2025-09-08T23:22:19.069Z" },
    { url = "https://files.pythonhosted.org/packages/60/99/c9dc110974c59cc981b1f5b66e1d8af8af764e00f0293266824d9c4254bc/cffi-2.0.0-cp310-cp310-musllinux_1_2_i686.whl", hash = "sha256:e11e82b744887154b182fd3e7e8512418446501191994dbf9c9fc1f32cc8efd5", size = 211211, upload-time = "2025-09-08T23:22:20.588Z" },
    { url = "https://files.pythonhosted.org/packages/49/72/ff2d12dbf21aca1b32a40ed792ee6b40f6dc3a9cf1644bd7ef6e95e0ac5e/cffi-2.0.0-cp310-cp310-musllinux_1_2_x86_64.whl", hash = "sha256:8ea985900c5c95ce9db1745f7933eeef5d314f0565b27625d9a10ec9881e1bfb", size = 218036, upload-time = "2025-09-08T23:22:22.143Z" },
    { url = "https://files.pythonhosted.org/packages/e2/cc/027d7fb82e58c48ea717149b03bcadcbdc293553edb283af792bd4bcbb3f/cffi-2.0.0-cp310-cp310-win32.whl", hash = "sha256:1f72fb8906754ac8a2cc3f9f5aaa298070652a0ffae577e0ea9bd480dc3c931a", size = 172184, upload-time = "2025-09-08T23:22:23.328Z" },
    { url = "https://files.pythonhosted.org/packages/33/fa/072dd15ae27fbb4e06b437eb6e944e75b068deb09e2a2826039e49ee2045/cffi-2.0.0-cp310-cp310-win_amd64.whl", hash = "sha256:b18a3ed7d5b3bd8d9ef7a8cb226502c6bf8308df1525e1cc676c3680e7176739", size = 182790, upload-time = "2025-09-08T23:22:24.752Z" },
    { url = "https://files.pythonhosted.org/packages/12/4a/3dfd5f7850cbf0d06dc84ba9aa00db766b52ca38d8b86e3a38314d52498c/cffi-2.0.0-cp311-cp311-macosx_10_13_x86_64.whl", hash = "sha256:b4c854ef3adc177950a8dfc81a86f5115d2abd545751a304c5bcf2c2c7283cfe", size = 184344, upload-time = "2025-09-08T23:22:26.456Z" },
    { url = "https://files.pythonhosted.org/packages/4f/8b/f0e4c441227ba756aafbe78f117485b25bb26b1c059d01f137fa6d14896b/cffi-2.0.0-cp311-cp311-macosx_11_0_arm64.whl", hash = "sha256:2de9a304e27f7596cd03d16f1b7c72219bd944e99cc52b84d0145aefb07cbd3c", size = 180560, upload-time = "2025-09-08T23:22:28.197Z" },
    { url = "https://files.pythonhosted.org/packages/b1/b7/1200d354378ef52ec227395d95c2576330fd22a869f7a70e88e1447eb234/cffi-2.0.0-cp311-cp311-manylinux1_i686.manylinux2014_i686.manylinux_2_17_i686.manylinux_2_5_i686.whl", hash = "sha256:baf5215e0ab74c16e2dd324e8ec067ef59e41125d3eade2b863d294fd5035c92", size = 209613, upload-time = "2025-09-08T23:22:29.475Z" },
    { url = "https://files.pythonhosted.org/packages/b8/56/6033f5e86e8cc9bb629f0077ba71679508bdf54a9a5e112a3c0b91870332/cffi-2.0.0-cp311-cp311-manylinux2014_aarch64.manylinux_2_17_aarch64.whl", hash = "sha256:730cacb21e1bdff3ce90babf007d0a0917cc3e6492f336c2f0134101e0944f93", size = 216476, upload-time = "2025-09-08T23:22:31.063Z" },
    { url = "https://files.pythonhosted.org/packages/dc/7f/55fecd70f7ece178db2f26128ec41430d8720f2d12ca97bf8f0a628207d5/cffi-2.0.0-cp311-cp311-manylinux2014_ppc64le.manylinux_2_17_ppc64le.whl", hash = "sha256:6824f87845e3396029f3820c206e459ccc91760e8fa24422f8b0c3d1731cbec5", size = 203374, upload-time = "2025-09-08T23:22:32.507Z" },
    { url = "https://files.pythonhosted.org/packages/84/ef/a7b77c8bdc0f77adc3b46888f1ad54be8f3b7821697a7b89126e829e676a/cffi-2.0.0-cp311-cp311-manylinux2014_s390x.manylinux_2_17_s390x.whl", hash = "sha256:9de40a7b0323d889cf8d23d1ef214f565ab154443c42737dfe52ff82cf857664", size = 202597, upload-time = "2025-09-08T23:22:34.132Z" },
    { url = "https://files.pythonhosted.org/packages/d7/91/500d892b2bf36529a75b77958edfcd5ad8e2ce4064ce2ecfeab2125d72d1/cffi-2.0.0-cp311-cp311-manylinux2014_x86_64.manylinux_2_17_x86_64.whl", hash = "sha256:8941aaadaf67246224cee8c3803777eed332a19d909b47e29c9842ef1e79ac26", size = 215574, upload-time = "2025-09-08T23:22:35.443Z" },
    { url = "https://files.pythonhosted.org/packages/44/64/58f6255b62b101093d5df22dcb752596066c7e89dd725e0afaed242a61be/cffi-2.0.0-cp311-cp311-musllinux_1_2_aarch64.whl", hash = "sha256:a05d0c237b3349096d3981b727493e22147f934b20f6f125a3eba8f994bec4a9", size = 218971, upload-time = "2025-09-08T23:22:36.805Z" },
    { url = "https://files.pythonhosted.org/packages/ab/49/fa72cebe2fd8a55fbe14956f9970fe8eb1ac59e5df042f603ef7c8ba0adc/cffi-2.0.0-cp311-cp311-musllinux_1_2_i686.whl", hash = "sha256:94698a9c5f91f9d138526b48fe26a199609544591f859c870d477351dc7b2414", size = 211972, upload-time = "2025-09-08T23:22:38.436Z" },
    { url = "https://files.pythonhosted.org/packages/0b/28/dd0967a76aab36731b6ebfe64dec4e981aff7e0608f60c2d46b46982607d/cffi-2.0.0-cp311-cp311-musllinux_1_2_x86_64.whl", hash = "sha256:5fed36fccc0612a53f1d4d9a816b50a36702c28a2aa880cb8a122b3466638743", size = 217078, upload-time = "2025-09-08T23:22:39.776Z" },
    { url = "https://files.pythonhosted.org/packages/2b/c0/015b25184413d7ab0a410775fdb4a50fca20f5589b5dab1dbbfa3baad8ce/cffi-2.0.0-cp311-cp311-win32.whl", hash = "sha256:c649e3a33450ec82378822b3dad03cc228b8f5963c0c12fc3b1e0ab940f768a5", size = 172076, upload-time = "2025-09-08T23:22:40.95Z" },
    { url = "https://files.pythonhosted.org/packages/ae/8f/dc5531155e7070361eb1b7e4c1a9d896d0cb21c49f807a6c03fd63fc877e/cffi-2.0.0-cp311-cp311-win_amd64.whl", hash = "sha256:66f011380d0e49ed280c789fbd08ff0d40968ee7b665575489afa95c98196ab5", size = 182820, upload-time = "2025-09-08T23:22:42.463Z" },
    { url = "https://files.pythonhosted.org/packages/95/5c/1b493356429f9aecfd56bc171285a4c4ac8697f76e9bbbbb105e537853a1/cffi-2.0.0-cp311-cp311-win_arm64.whl", hash = "sha256:c6638687455baf640e37344fe26d37c404db8b80d037c3d29f58fe8d1c3b194d", size = 177635, upload-time = "2025-09-08T23:22:43.623Z" },
    { url = "https://files.pythonhosted.org/packages/ea/47/4f61023ea636104d4f16ab488e268b93008c3d0bb76893b1b31db1f96802/cffi-2.0.0-cp312-cp312-macosx_10_13_x86_64.whl", hash = "sha256:6d02d6655b0e54f54c4ef0b94eb6be0607b70853c45ce98bd278dc7de718be5d", size = 185271, upload-time = "2025-09-08T23:22:44.795Z" },
    { url = "https://files.pythonhosted.org/packages/df/a2/781b623f57358e360d62cdd7a8c681f074a71d445418a776eef0aadb4ab4/cffi-2.0.0-cp312-cp312-macosx_11_0_arm64.whl", hash = "sha256:8eca2a813c1cb7ad4fb74d368c2ffbbb4789d377ee5bb8df98373c2cc0dee76c", size = 181048, upload-time = "2025-09-08T23:22:45.938Z" },
    { url = "https://files.pythonhosted.org/packages/ff/df/a4f0fbd47331ceeba3d37c2e51e9dfc9722498becbeec2bd8bc856c9538a/cffi-2.0.0-cp312-cp312-manylinux1_i686.manylinux2014_i686.manylinux_2_17_i686.manylinux_2_5_i686.whl", hash = "sha256:21d1152871b019407d8ac3985f6775c079416c282e431a4da6afe7aefd2bccbe", size = 212529, upload-time = "2025-09-08T23:22:47.349Z" },
    { url = "https://files.pythonhosted.org/packages/d5/72/12b5f8d3865bf0f87cf1404d8c374e7487dcf097a1c91c436e72e6badd83/cffi-2.0.0-cp312-cp312-manylinux2014_aarch64.manylinux_2_17_aarch64.whl", hash = "sha256:b21e08af67b8a103c71a250401c78d5e0893beff75e28c53c98f4de42f774062", size = 220097, upload-time = "2025-09-08T23:22:48.677Z" },
    { url = "https://files.pythonhosted.org/packages/c2/95/7a135d52a50dfa7c882ab0ac17e8dc11cec9d55d2c18dda414c051c5e69e/cffi-2.0.0-cp312-cp312-manylinux2014_ppc64le.manylinux_2_17_ppc64le.whl", hash = "sha256:1e3a615586f05fc4065a8b22b8152f0c1b00cdbc60596d187c2a74f9e3036e4e", size = 207983, upload-time = "2025-09-08T23:22:50.06Z" },
    { url = "https://files.pythonhosted.org/packages/3a/c8/15cb9ada8895957ea171c62dc78ff3e99159ee7adb13c0123c001a2546c1/cffi-2.0.0-cp312-cp312-manylinux2014_s390x.manylinux_2_17_s390x.whl", hash = "sha256:81afed14892743bbe14dacb9e36d9e0e504cd204e0b165062c488942b9718037", size = 206519, upload-time = "2025-09-08T23:22:51.364Z" },
    { url = "https://files.pythonhosted.org/packages/78/2d/7fa73dfa841b5ac06c7b8855cfc18622132e365f5b81d02230333ff26e9e/cffi-2.0.0-cp312-cp312-manylinux2014_x86_64.manylinux_2_17_x86_64.whl", hash = "sha256:3e17ed538242334bf70832644a32a7aae3d83b57567f9fd60a26257e992b79ba", size = 219572, upload-time = "2025-09-08T23:22:52.902Z" },
    { url = "https://files.pythonhosted.org/packages/07/e0/267e57e387b4ca276b90f0434ff88b2c2241ad72b16d31836adddfd6031b/cffi-2.0.0-cp312-cp312-musllinux_1_2_aarch64.whl", hash = "sha256:3925dd22fa2b7699ed2617149842d2e6adde22b262fcbfada50e3d195e4b3a94", size = 222963, upload-time = "2025-09-08T23:22:54.518Z" },
    { url = "https://files.pythonhosted.org/packages/b6/75/1f2747525e06f53efbd878f4d03bac5b859cbc11c633d0fb81432d98a795/cffi-2.0.0-cp312-cp312-musllinux_1_2_x86_64.whl", hash = "sha256:2c8f814d84194c9ea681642fd164267891702542f028a15fc97d4674b6206187", size = 221361, upload-time = "2025-09-08T23:22:55.867Z" },
    { url = "https://files.pythonhosted.org/packages/7b/2b/2b6435f76bfeb6bbf055596976da087377ede68df465419d192acf00c437/cffi-2.0.0-cp312-cp312-win32.whl", hash = "sha256:da902562c3e9c550df360bfa53c035b2f241fed6d9aef119048073680ace4a18", size = 172932, upload-time = "2025-09-08T23:22:57.188Z" },
    { url = "https://files.pythonhosted.org/packages/f8/ed/13bd4418627013bec4ed6e54283b1959cf6db888048c7cf4b4c3b5b36002/cffi-2.0.0-cp312-cp312-win_amd64.whl", hash = "sha256:da68248800ad6320861f129cd9c1bf96ca849a2771a59e0344e88681905916f5", size = 183557, upload-time = "2025-09-08T23:22:58.351Z" },
    { url = "https://files.pythonhosted.org/packages/95/31/9f7f93ad2f8eff1dbc1c3656d7ca5bfd8fb52c9d786b4dcf19b2d02217fa/cffi-2.0.0-cp312-cp312-win_arm64.whl", hash = "sha256:4671d9dd5ec934cb9a73e7ee9676f9362aba54f7f34910956b84d727b0d73fb6", size = 177762, upload-time = "2025-09-08T23:22:59.668Z" },
    { url = "https://files.pythonhosted.org/packages/4b/8d/a0a47a0c9e413a658623d014e91e74a50cdd2c423f7ccfd44086ef767f90/cffi-2.0.0-cp313-cp313-macosx_10_13_x86_64.whl", hash = "sha256:00bdf7acc5f795150faa6957054fbbca2439db2f775ce831222b66f192f03beb", size = 185230, upload-time = "2025-09-08T23:23:00.879Z" },
    { url = "https://files.pythonhosted.org/packages/4a/d2/a6c0296814556c68ee32009d9c2ad4f85f2707cdecfd7727951ec228005d/cffi-2.0.0-cp313-cp313-macosx_11_0_arm64.whl", hash = "sha256:45d5e886156860dc35862657e1494b9bae8dfa63bf56796f2fb56e1679fc0bca", size = 181043, upload-time = "2025-09-08T23:23:02.231Z" },
    { url = "https://files.pythonhosted.org/packages/b0/1e/d22cc63332bd59b06481ceaac49d6c507598642e2230f201649058a7e704/cffi-2.0.0-cp313-cp313-manylinux1_i686.manylinux2014_i686.manylinux_2_17_i686.manylinux_2_5_i686.whl", hash = "sha256:07b271772c100085dd28b74fa0cd81c8fb1a3ba18b21e03d7c27f3436a10606b", size = 212446, upload-time = "2025-09-08T23:23:03.472Z" },
    { url = "https://files.pythonhosted.org/packages/a9/f5/a2c23eb03b61a0b8747f211eb716446c826ad66818ddc7810cc2cc19b3f2/cffi-2.0.0-cp313-cp313-manylinux2014_aarch64.manylinux_2_17_aarch64.whl", hash = "sha256:d48a880098c96020b02d5a1f7d9251308510ce8858940e6fa99ece33f610838b", size = 220101, upload-time = "2025-09-08T23:23:04.792Z" },
    { url = "https://files.pythonhosted.org/packages/f2/7f/e6647792fc5850d634695bc0e6ab4111ae88e89981d35ac269956605feba/cffi-2.0.0-cp313-cp313-manylinux2014_ppc64le.manylinux_2_17_ppc64le.whl", hash = "sha256:f93fd8e5c8c0a4aa1f424d6173f14a892044054871c771f8566e4008eaa359d2", size = 207948, upload-time = "2025-09-08T23:23:06.127Z" },
    { url = "https://files.pythonhosted.org/packages/cb/1e/a5a1bd6f1fb30f22573f76533de12a00bf274abcdc55c8edab639078abb6/cffi-2.0.0-cp313-cp313-manylinux2014_s390x.manylinux_2_17_s390x.whl", hash = "sha256:dd4f05f54a52fb558f1ba9f528228066954fee3ebe629fc1660d874d040ae5a3", size = 206422, upload-time = "2025-09-08T23:23:07.753Z" },
    { url = "https://files.pythonhosted.org/packages/98/df/0a1755e750013a2081e863e7cd37e0cdd02664372c754e5560099eb7aa44/cffi-2.0.0-cp313-cp313-manylinux2014_x86_64.manylinux_2_17_x86_64.whl", hash = "sha256:c8d3b5532fc71b7a77c09192b4a5a200ea992702734a2e9279a37f2478236f26", size = 219499, upload-time = "2025-09-08T23:23:09.648Z" },
    { url = "https://files.pythonhosted.org/packages/50/e1/a969e687fcf9ea58e6e2a928ad5e2dd88cc12f6f0ab477e9971f2309b57c/cffi-2.0.0-cp313-cp313-musllinux_1_2_aarch64.whl", hash = "sha256:d9b29c1f0ae438d5ee9acb31cadee00a58c46cc9c0b2f9038c6b0b3470877a8c", size = 222928, upload-time = "2025-09-08T23:23:10.928Z" },
    { url = "https://files.pythonhosted.org/packages/36/54/0362578dd2c9e557a28ac77698ed67323ed5b9775ca9d3fe73fe191bb5d8/cffi-2.0.0-cp313-cp313-musllinux_1_2_x86_64.whl", hash = "sha256:6d50360be4546678fc1b79ffe7a66265e28667840010348dd69a314145807a1b", size = 221302, upload-time = "2025-09-08T23:23:12.42Z" },
    { url = "https://files.pythonhosted.org/packages/eb/6d/bf9bda840d5f1dfdbf0feca87fbdb64a918a69bca42cfa0ba7b137c48cb8/cffi-2.0.0-cp313-cp313-win32.whl", hash = "sha256:74a03b9698e198d47562765773b4a8309919089150a0bb17d829ad7b44b60d27", size = 172909, upload-time = "2025-09-08T23:23:14.32Z" },
    { url = "https://files.pythonhosted.org/packages/37/18/6519e1ee6f5a1e579e04b9ddb6f1676c17368a7aba48299c3759bbc3c8b3/cffi-2.0.0-cp313-cp313-win_amd64.whl", hash = "sha256:19f705ada2530c1167abacb171925dd886168931e0a7b78f5bffcae5c6b5be75", size = 183402, upload-time = "2025-09-08T23:23:15.535Z" },
    { url = "https://files.pythonhosted.org/packages/cb/0e/02ceeec9a7d6ee63bb596121c2c8e9b3a9e150936f4fbef6ca1943e6137c/cffi-2.0.0-cp313-cp313-win_arm64.whl", hash = "sha256:256f80b80ca3853f90c21b23ee78cd008713787b1b1e93eae9f3d6a7134abd91", size = 177780, upload-time = "2025-09-08T23:23:16.761Z" },
    { url = "https://files.pythonhosted.org/packages/92/c4/3ce07396253a83250ee98564f8d7e9789fab8e58858f35d07a9a2c78de9f/cffi-2.0.0-cp314-cp314-macosx_10_13_x86_64.whl", hash = "sha256:fc33c5141b55ed366cfaad382df24fe7dcbc686de5be719b207bb248e3053dc5", size = 185320, upload-time = "2025-09-08T23:23:18.087Z" },
    { url = "https://files.pythonhosted.org/packages/59/dd/27e9fa567a23931c838c6b02d0764611c62290062a6d4e8ff7863daf9730/cffi-2.0.0-cp314-cp314-macosx_11_0_arm64.whl", hash = "sha256:c654de545946e0db659b3400168c9ad31b5d29593291482c43e3564effbcee13", size = 181487, upload-time = "2025-09-08T23:23:19.622Z" },
    { url = "https://files.pythonhosted.org/packages/d6/43/0e822876f87ea8a4ef95442c3d766a06a51fc5298823f884ef87aaad168c/cffi-2.0.0-cp314-cp314-manylinux2014_aarch64.manylinux_2_17_aarch64.whl", hash = "sha256:24b6f81f1983e6df8db3adc38562c83f7d4a0c36162885ec7f7b77c7dcbec97b", size = 220049, upload-time = "2025-09-08T23:23:20.853Z" },
    { url = "https://files.pythonhosted.org/packages/b4/89/76799151d9c2d2d1ead63c2429da9ea9d7aac304603de0c6e8764e6e8e70/cffi-2.0.0-cp314-cp314-manylinux2014_ppc64le.manylinux_2_17_ppc64le.whl", hash = "sha256:12873ca6cb9b0f0d3a0da705d6086fe911591737a59f28b7936bdfed27c0d47c", size = 207793, upload-time = "2025-09-08T23:23:22.08Z" },
    { url = "https://files.pythonhosted.org/packages/bb/dd/3465b14bb9e24ee24cb88c9e3730f6de63111fffe513492bf8c808a3547e/cffi-2.0.0-cp314-cp314-manylinux2014_s390x.manylinux_2_17_s390x.whl", hash = "sha256:d9b97165e8aed9272a6bb17c01e3cc5871a594a446ebedc996e2397a1c1ea8ef", size = 206300, upload-time = "2025-09-08T23:23:23.314Z" },
    { url = "https://files.pythonhosted.org/packages/47/d9/d83e293854571c877a92da46fdec39158f8d7e68da75bf73581225d28e90/cffi-2.0.0-cp314-cp314-manylinux2014_x86_64.manylinux_2_17_x86_64.whl", hash = "sha256:afb8db5439b81cf9c9d0c80404b60c3cc9c3add93e114dcae767f1477cb53775", size = 219244, upload-time = "2025-09-08T23:23:24.541Z" },
    { url = "https://files.pythonhosted.org/packages/2b/0f/1f177e3683aead2bb00f7679a16451d302c436b5cbf2505f0ea8146ef59e/cffi-2.0.0-cp314-cp314-musllinux_1_2_aarch64.whl", hash = "sha256:737fe7d37e1a1bffe70bd5754ea763a62a066dc5913ca57e957824b72a85e205", size = 222828, upload-time = "2025-09-08T23:23:26.143Z" },
    { url = "https://files.pythonhosted.org/packages/c6/0f/cafacebd4b040e3119dcb32fed8bdef8dfe94da653155f9d0b9dc660166e/cffi-2.0.0-cp314-cp314-musllinux_1_2_x86_64.whl", hash = "sha256:38100abb9d1b1435bc4cc340bb4489635dc2f0da7456590877030c9b3d40b0c1", size = 220926, upload-time = "2025-09-08T23:23:27.873Z" },
    { url = "https://files.pythonhosted.org/packages/3e/aa/df335faa45b395396fcbc03de2dfcab242cd61a9900e914fe682a59170b1/cffi-2.0.0-cp314-cp314-win32.whl", hash = "sha256:087067fa8953339c723661eda6b54bc98c5625757ea62e95eb4898ad5e776e9f", size = 175328, upload-time = "2025-09-08T23:23:44.61Z" },
    { url = "https://files.pythonhosted.org/packages/bb/92/882c2d30831744296ce713f0feb4c1cd30f346ef747b530b5318715cc367/cffi-2.0.0-cp314-cp314-win_amd64.whl", hash = "sha256:203a48d1fb583fc7d78a4c6655692963b860a417c0528492a6bc21f1aaefab25", size = 185650, upload-time = "2025-09-08T23:23:45.848Z" },
    { url = "https://files.pythonhosted.org/packages/9f/2c/98ece204b9d35a7366b5b2c6539c350313ca13932143e79dc133ba757104/cffi-2.0.0-cp314-cp314-win_arm64.whl", hash = "sha256:dbd5c7a25a7cb98f5ca55d258b103a2054f859a46ae11aaf23134f9cc0d356ad", size = 180687, upload-time = "2025-09-08T23:23:47.105Z" },
    { url = "https://files.pythonhosted.org/packages/3e/61/c768e4d548bfa607abcda77423448df8c471f25dbe64fb2ef6d555eae006/cffi-2.0.0-cp314-cp314t-macosx_10_13_x86_64.whl", hash = "sha256:9a67fc9e8eb39039280526379fb3a70023d77caec1852002b4da7e8b270c4dd9", size = 188773, upload-time = "2025-09-08T23:23:29.347Z" },
    { url = "https://files.pythonhosted.org/packages/2c/ea/5f76bce7cf6fcd0ab1a1058b5af899bfbef198bea4d5686da88471ea0336/cffi-2.0.0-cp314-cp314t-macosx_11_0_arm64.whl", hash = "sha256:7a66c7204d8869299919db4d5069a82f1561581af12b11b3c9f48c584eb8743d", size = 185013, upload-time = "2025-09-08T23:23:30.63Z" },
    { url = "https://files.pythonhosted.org/packages/be/b4/c56878d0d1755cf9caa54ba71e5d049479c52f9e4afc230f06822162ab2f/cffi-2.0.0-cp314-cp314t-manylinux2014_aarch64.manylinux_2_17_aarch64.whl", hash = "sha256:7cc09976e8b56f8cebd752f7113ad07752461f48a58cbba644139015ac24954c", size = 221593, upload-time = "2025-09-08T23:23:31.91Z" },
    { url = "https://files.pythonhosted.org/packages/e0/0d/eb704606dfe8033e7128df5e90fee946bbcb64a04fcdaa97321309004000/cffi-2.0.0-cp314-cp314t-manylinux2014_ppc64le.manylinux_2_17_ppc64le.whl", hash = "sha256:92b68146a71df78564e4ef48af17551a5ddd142e5190cdf2c5624d0c3ff5b2e8", size = 209354, upload-time = "2025-09-08T23:23:33.214Z" },
    { url = "https://files.pythonhosted.org/packages/d8/19/3c435d727b368ca475fb8742ab97c9cb13a0de600ce86f62eab7fa3eea60/cffi-2.0.0-cp314-cp314t-manylinux2014_s390x.manylinux_2_17_s390x.whl", hash = "sha256:b1e74d11748e7e98e2f426ab176d4ed720a64412b6a15054378afdb71e0f37dc", size = 208480, upload-time = "2025-09-08T23:23:34.495Z" },
    { url = "https://files.pythonhosted.org/packages/d0/44/681604464ed9541673e486521497406fadcc15b5217c3e326b061696899a/cffi-2.0.0-cp314-cp314t-manylinux2014_x86_64.manylinux_2_17_x86_64.whl", hash = "sha256:28a3a209b96630bca57cce802da70c266eb08c6e97e5afd61a75611ee6c64592", size = 221584, upload-time = "2025-09-08T23:23:36.096Z" },
    { url = "https://files.pythonhosted.org/packages/25/8e/342a504ff018a2825d395d44d63a767dd8ebc927ebda557fecdaca3ac33a/cffi-2.0.0-cp314-cp314t-musllinux_1_2_aarch64.whl", hash = "sha256:7553fb2090d71822f02c629afe6042c299edf91ba1bf94951165613553984512", size = 224443, upload-time = "2025-09-08T23:23:37.328Z" },
    { url = "https://files.pythonhosted.org/packages/e1/5e/b666bacbbc60fbf415ba9988324a132c9a7a0448a9a8f125074671c0f2c3/cffi-2.0.0-cp314-cp314t-musllinux_1_2_x86_64.whl", hash = "sha256:6c6c373cfc5c83a975506110d17457138c8c63016b563cc9ed6e056a82f13ce4", size = 223437, upload-time = "2025-09-08T23:23:38.945Z" },
    { url = "https://files.pythonhosted.org/packages/a0/1d/ec1a60bd1a10daa292d3cd6bb0b359a81607154fb8165f3ec95fe003b85c/cffi-2.0.0-cp314-cp314t-win32.whl", hash = "sha256:1fc9ea04857caf665289b7a75923f2c6ed559b8298a1b8c49e59f7dd95c8481e", size = 180487, upload-time = "2025-09-08T23:23:40.423Z" },
    { url = "https://files.pythonhosted.org/packages/bf/41/4c1168c74fac325c0c8156f04b6749c8b6a8f405bbf91413ba088359f60d/cffi-2.0.0-cp314-cp314t-win_amd64.whl", hash = "sha256:d68b6cef7827e8641e8ef16f4494edda8b36104d79773a334beaa1e3521430f6", size = 191726, upload-time = "2025-09-08T23:23:41.742Z" },
    { url = "https://files.pythonhosted.org/packages/ae/3a/dbeec9d1ee0844c679f6bb5d6ad4e9f198b1224f4e7a32825f47f6192b0c/cffi-2.0.0-cp314-cp314t-win_arm64.whl", hash = "sha256:0a1527a803f0a659de1af2e1fd700213caba79377e27e4693648c2923da066f9", size = 184195, upload-time = "2025-09-08T23:23:43.004Z" },
    { url = "https://files.pythonhosted.org/packages/c0/cc/08ed5a43f2996a16b462f64a7055c6e962803534924b9b2f1371d8c00b7b/cffi-2.0.0-cp39-cp39-macosx_10_13_x86_64.whl", hash = "sha256:fe562eb1a64e67dd297ccc4f5addea2501664954f2692b69a76449ec7913ecbf", size = 184288, upload-time = "2025-09-08T23:23:48.404Z" },
    { url = "https://files.pythonhosted.org/packages/3d/de/38d9726324e127f727b4ecc376bc85e505bfe61ef130eaf3f290c6847dd4/cffi-2.0.0-cp39-cp39-macosx_11_0_arm64.whl", hash = "sha256:de8dad4425a6ca6e4e5e297b27b5c824ecc7581910bf9aee86cb6835e6812aa7", size = 180509, upload-time = "2025-09-08T23:23:49.73Z" },
    { url = "https://files.pythonhosted.org/packages/9b/13/c92e36358fbcc39cf0962e83223c9522154ee8630e1df7c0b3a39a8124e2/cffi-2.0.0-cp39-cp39-manylinux1_i686.manylinux2014_i686.manylinux_2_17_i686.manylinux_2_5_i686.whl", hash = "sha256:4647afc2f90d1ddd33441e5b0e85b16b12ddec4fca55f0d9671fef036ecca27c", size = 208813, upload-time = "2025-09-08T23:23:51.263Z" },
    { url = "https://files.pythonhosted.org/packages/15/12/a7a79bd0df4c3bff744b2d7e52cc1b68d5e7e427b384252c42366dc1ecbc/cffi-2.0.0-cp39-cp39-manylinux2014_aarch64.manylinux_2_17_aarch64.whl", hash = "sha256:3f4d46d8b35698056ec29bca21546e1551a205058ae1a181d871e278b0b28165", size = 216498, upload-time = "2025-09-08T23:23:52.494Z" },
    { url = "https://files.pythonhosted.org/packages/a3/ad/5c51c1c7600bdd7ed9a24a203ec255dccdd0ebf4527f7b922a0bde2fb6ed/cffi-2.0.0-cp39-cp39-manylinux2014_ppc64le.manylinux_2_17_ppc64le.whl", hash = "sha256:e6e73b9e02893c764e7e8d5bb5ce277f1a009cd5243f8228f75f842bf937c534", size = 203243, upload-time = "2025-09-08T23:23:53.836Z" },
    { url = "https://files.pythonhosted.org/packages/32/f2/81b63e288295928739d715d00952c8c6034cb6c6a516b17d37e0c8be5600/cffi-2.0.0-cp39-cp39-manylinux2014_s390x.manylinux_2_17_s390x.whl", hash = "sha256:cb527a79772e5ef98fb1d700678fe031e353e765d1ca2d409c92263c6d43e09f", size = 203158, upload-time = "2025-09-08T23:23:55.169Z" },
    { url = "https://files.pythonhosted.org/packages/1f/74/cc4096ce66f5939042ae094e2e96f53426a979864aa1f96a621ad128be27/cffi-2.0.0-cp39-cp39-manylinux2014_x86_64.manylinux_2_17_x86_64.whl", hash = "sha256:61d028e90346df14fedc3d1e5441df818d095f3b87d286825dfcbd6459b7ef63", size = 216548, upload-time = "2025-09-08T23:23:56.506Z" },
    { url = "https://files.pythonhosted.org/packages/e8/be/f6424d1dc46b1091ffcc8964fa7c0ab0cd36839dd2761b49c90481a6ba1b/cffi-2.0.0-cp39-cp39-musllinux_1_2_aarch64.whl", hash = "sha256:0f6084a0ea23d05d20c3edcda20c3d006f9b6f3fefeac38f59262e10cef47ee2", size = 218897, upload-time = "2025-09-08T23:23:57.825Z" },
    { url = "https://files.pythonhosted.org/packages/f7/e0/dda537c2309817edf60109e39265f24f24aa7f050767e22c98c53fe7f48b/cffi-2.0.0-cp39-cp39-musllinux_1_2_i686.whl", hash = "sha256:1cd13c99ce269b3ed80b417dcd591415d3372bcac067009b6e0f59c7d4015e65", size = 211249, upload-time = "2025-09-08T23:23:59.139Z" },
    { url = "https://files.pythonhosted.org/packages/2b/e7/7c769804eb75e4c4b35e658dba01de1640a351a9653c3d49ca89d16ccc91/cffi-2.0.0-cp39-cp39-musllinux_1_2_x86_64.whl", hash = "sha256:89472c9762729b5ae1ad974b777416bfda4ac5642423fa93bd57a09204712322", size = 218041, upload-time = "2025-09-08T23:24:00.496Z" },
    { url = "https://files.pythonhosted.org/packages/aa/d9/6218d78f920dcd7507fc16a766b5ef8f3b913cc7aa938e7fc80b9978d089/cffi-2.0.0-cp39-cp39-win32.whl", hash = "sha256:2081580ebb843f759b9f617314a24ed5738c51d2aee65d31e02f6f7a2b97707a", size = 172138, upload-time = "2025-09-08T23:24:01.7Z" },
    { url = "https://files.pythonhosted.org/packages/54/8f/a1e836f82d8e32a97e6b29cc8f641779181ac7363734f12df27db803ebda/cffi-2.0.0-cp39-cp39-win_amd64.whl", hash = "sha256:b882b3df248017dba09d6b16defe9b5c407fe32fc7c65a9c69798e6175601be9", size = 182794, upload-time = "2025-09-08T23:24:02.943Z" },
]

[[package]]
name = "milksnake"
version = "0.1.6"
source = { registry = "https://pypi.org/simple" }
dependencies = [
    { name = "cffi" },
]
sdist = { url = "https://files.pythonhosted.org/packages/37/9c/100deced3999e748500dda3027e2a19b0074199ba27cdc5a6988d22919b8/milksnake-0.1.6.tar.gz", hash = "sha256:0198f8932b4e136c29c0d0d490ff1bac03f82c3a7b2ee6f666e3683b64314fd9", size = 10483, upload-time = "2023-10-12T11:34:39.781Z" }
wheels = [
    { url = "https://files.pythonhosted.org/packages/6d/5b/1688cbd7244f039a2c1a762e246f04f7fc3eff07932776ac9944da3ea208/milksnake-0.1.6-py2.py3-none-any.whl", hash = "sha256:31e3eafaf2a48e177bb4b2dacef2c7ae8c5b2147a19c6d626209b819490e6f1d", size = 11136, upload-time = "2023-10-12T11:34:37.927Z" },
]

[[package]]
name = "pycparser"
version = "2.23"
source = { registry = "https://pypi.org/simple" }
resolution-markers = [
    "python_full_version < '3.10'",
]
sdist = { url = "https://files.pythonhosted.org/packages/fe/cf/d2d3b9f5699fb1e4615c8e32ff220203e43b248e1dfcc6736ad9057731ca/pycparser-2.23.tar.gz", hash = "sha256:78816d4f24add8f10a06d6f05b4d424ad9e96cfebf68a4ddc99c65c0720d00c2", size = 173734, upload-time = "2025-09-09T13:23:47.91Z" }
wheels = [
    { url = "https://files.pythonhosted.org/packages/a0/e3/59cd50310fc9b59512193629e1984c1f95e5c8ae6e5d8c69532ccc65a7fe/pycparser-2.23-py3-none-any.whl", hash = "sha256:e5c6e8d3fbad53479cab09ac03729e0a9faf2bee3db8208a550daf5af81a5934", size = 118140, upload-time = "2025-09-09T13:23:46.651Z" },
]

[[package]]
name = "pycparser"
version = "3.0"
source = { registry = "https://pypi.org/simple" }
resolution-markers = [
    "python_full_version >= '3.10'",
]
sdist = { url = "https://files.pythonhosted.org/packages/1b/7d/92392ff7815c21062bea51aa7b87d45576f649f16458d78b7cf94b9ab2e6/pycparser-3.0.tar.gz", hash = "sha256:600f49d217304a5902ac3c37e1281c9fe94e4d0489de643a9504c5cdfdfc6b29", size = 103492, upload-time = "2026-01-21T14:26:51.89Z" }
wheels = [
    { url = "https://files.pythonhosted.org/packages/0c/c3/44f3fbbfa403ea2a7c779186dc20772604442dde72947e7d01069cbe98e3/pycparser-3.0-py3-none-any.whl", hash = "sha256:b727414169a36b7d524c1c3e31839a521725078d7b2ff038656844266160a992", size = 48172, upload-time = "2026-01-21T14:26:50.693Z" },
]

[[package]]
name = "regex-comparison"
version = "0.1.0"
source = { virtual = "." }
dependencies = [
    { name = "reru" },
    { name = "rure" },
]

[package.metadata]
requires-dist = [
    { name = "reru", specifier = "==0.1.2" },
    { name = "rure", specifier = ">=0.2.2" },
]

[[package]]
name = "reru"
version = "0.1.2"
source = { registry = "https://pypi.org/simple" }
wheels = [
    { url = "https://files.pythonhosted.org/packages/f5/77/dcc1a421ec25c93b88c2cd4b14252526fe45c62a213dc61ddd834817a758/reru-0.1.2-cp310-cp310-macosx_10_12_x86_64.whl", hash = "sha256:239f01e35b6f2ad2b253d2ca5012a7d61b971057bd96b5c1227be7cdcb1fbc0f", size = 838087, upload-time = "2026-01-30T21:09:51.554Z" },
    { url = "https://files.pythonhosted.org/packages/c4/66/f82618efae7235c70b75a085675560684587878cdb942cb403cb98bbe3a2/reru-0.1.2-cp310-cp310-macosx_11_0_arm64.whl", hash = "sha256:372cb70b8fdb26d0fc3c45d8cbdfb5a7aebc845658f616cc8920197b7e40f5ef", size = 768186, upload-time = "2026-01-30T21:10:16.29Z" },
    { url = "https://files.pythonhosted.org/packages/01/e4/1a1a5f643b0301f88ee0c16116cba11e7f8c399692323f32725e2a784063/reru-0.1.2-cp310-cp310-manylinux_2_17_aarch64.manylinux2014_aarch64.whl", hash = "sha256:b21c4e177262ddffe64fb8dbfd18c69af89735c8f9a4920f0d15e6e4c776bd47", size = 850624, upload-time = "2026-01-30T21:10:23.973Z" },
    { url = "https://files.pythonhosted.org/packages/46/f1/3adbe33de3cd8840214bddf01381b4544e67179f8ce63cc52c86b9d58b92/reru-0.1.2-cp310-cp310-manylinux_2_17_x86_64.manylinux2014_x86_64.whl", hash = "sha256:64a8230d0a4b10a711efa8437c1d5d6b970da543cc8a518502b89a5c4dd786c2", size = 901012, upload-time = "2026-01-30T21:09:28.698Z" },
    { url = "https://files.pythonhosted.org/packages/29/be/8718fa9eb772324688aedd23a9226113351c9a1571bcde85bf343020c664/reru-0.1.2-cp310-cp310-musllinux_1_2_aarch64.whl", hash = "sha256:a6f491423ecccb1096e6eb34d3b08b573f0da792fcb26e9ac47083ee85d1f16c", size = 850178, upload-time = "2026-01-30T21:09:31.336Z" },
    { url = "https://files.pythonhosted.org/packages/83/d9/4f0043343fb16ba6d46989135de4e239ab2ce067aefa42d288f287102eec/reru-0.1.2-cp310-cp310-musllinux_1_2_x86_64.whl", hash = "sha256:e1bbb837b6ca7b2486d4a673861ac92e5f8aa62be728bbe280a430328958f85e", size = 899021, upload-time = "2026-01-30T21:09:07.576Z" },
    { url = "https://files.pythonhosted.org/packages/f9/fe/834a33bbd870bd62b751b53bc684997c58b94470b8b9c7aee1226b194269/reru-0.1.2-cp310-cp310-win_amd64.whl", hash = "sha256:e95aec8fa7df541d54436131a3e0c4669fb83b8b6ee363615471a9255a637227", size = 756233, upload-time = "2026-01-30T21:10:12.44Z" },
    { url = "https://files.pythonhosted.org/packages/7a/a6/a02f917d9c2baf66df4d5524774a135180c3892a28a074374f1f668e6bec/reru-0.1.2-cp310-cp310-win_arm64.whl", hash = "sha256:b1c510d7da38c944005280b634a24a046e6ce3f95f55f23d240ad20186a8376b", size = 708915, upload-time = "2026-01-30T21:09:14.341Z" },
    { url = "https://files.pythonhosted.org/packages/7f/d3/c50ed20599e76905d53e529ca01ba4dc2f6c3d33e3ff54e6c7e3344e8f75/reru-0.1.2-cp311-cp311-macosx_10_12_x86_64.whl", hash = "sha256:6da21b39861dadbe258467e23c55198f475f580cc094975702dafc4a0e8c923a", size = 838105, upload-time = "2026-01-30T21:09:39.017Z" },
    { url = "https://files.pythonhosted.org/packages/f7/15/c253a7aa562533be0b48ab05ca3dd17f157d3aaaf639730f285c0291c5bf/reru-0.1.2-cp311-cp311-macosx_11_0_arm64.whl", hash = "sha256:5f1c6318b4bdfe2a3c54f48d76d42a42179aa04ad16bb123c13d0557abb63a98", size = 768094, upload-time = "2026-01-30T21:10:05.079Z" },
    { url = "https://files.pythonhosted.org/packages/a6/49/e733e8abd813bb3b6b88aa78cff3446158b73406a629a2d8eabcca88dd7b/reru-0.1.2-cp311-cp311-manylinux_2_17_aarch64.manylinux2014_aarch64.whl", hash = "sha256:d7a30a3145891c78527371001cbf1d34b61d36769e66e00a609abf0b5045f7b4", size = 850559, upload-time = "2026-01-30T21:09:53.463Z" },
    { url = "https://files.pythonhosted.org/packages/82/2f/791692af82590aa18f2bdb5a90abd0fdfd4a5b0ff2b8d1fc4b3c35bc2272/reru-0.1.2-cp311-cp311-manylinux_2_17_x86_64.manylinux2014_x86_64.whl", hash = "sha256:2add7e2236d43e92916bf9669840eb47e2ad3fb1913adf2fb62dd7d9ebcee049", size = 900986, upload-time = "2026-01-30T21:10:40.756Z" },
    { url = "https://files.pythonhosted.org/packages/0f/88/54acb4039cee755fc3aeb4f34f6ecd187d396d2f2c91c1bc2743e90c226f/reru-0.1.2-cp311-cp311-musllinux_1_2_aarch64.whl", hash = "sha256:0107b907e0c2af7223f18b8f5a666cd66b7746fe3e7601fd5c3319238a578c5e", size = 850024, upload-time = "2026-01-30T21:09:01.041Z" },
    { url = "https://files.pythonhosted.org/packages/2d/a4/593d955d4289a5ac5fd193bb0b39cb21ae70aceb1430c99583c5a3110448/reru-0.1.2-cp311-cp311-musllinux_1_2_x86_64.whl", hash = "sha256:b7881baadb81cd5bbc06a18b95551fc572ff2d800d852165879901cca3da8c3f", size = 899013, upload-time = "2026-01-30T21:09:33.796Z" },
    { url = "https://files.pythonhosted.org/packages/b9/1a/b23dc8f9c820647e7e090f8b1a6cbb8c4c7d84eac826f94764a45c3737c4/reru-0.1.2-cp311-cp311-win_amd64.whl", hash = "sha256:7bd15b4e0aee238593e81ef1b0cc0fc6ebe0b02b986f5f650362ff599f8b6cce", size = 756212, upload-time = "2026-01-30T21:10:10.359Z" },
    { url = "https://files.pythonhosted.org/packages/2d/57/ec9fa6db5a59a0f9cff5e4148edb72a06cbb2e1b619ce2bafcc32d77e838/reru-0.1.2-cp311-cp311-win_arm64.whl", hash = "sha256:3f32f994f2e37e1ceca06b8ef773fe792a463d2ca5eb1fd150080e3c14d7b836", size = 708736, upload-time = "2026-01-30T21:09:10.15Z" },
    { url = "https://files.pythonhosted.org/packages/d6/78/706ff8e85a275f4095772ef9e5294810b07fd304e84a88b03a913f1b91da/reru-0.1.2-cp312-cp312-macosx_10_12_x86_64.whl", hash = "sha256:6d4761adbca21e305fddfa87606c11a01b7ffbb2660640bd6cdac7a79a64bc2e", size = 838188, upload-time = "2026-01-30T21:08:50.07Z" },
    { url = "https://files.pythonhosted.org/packages/f3/a7/9e08de1e0605c8050b5a3492004c327cb9caae287ebebda36be5dd60d1b1/reru-0.1.2-cp312-cp312-macosx_11_0_arm64.whl", hash = "sha256:954e7625eeeb62d3f9a97b12f3c2a1b76d4ee7c619b97c53cbd2c828bd2a7f4b", size = 767847, upload-time = "2026-01-30T21:09:56.023Z" },
    { url = "https://files.pythonhosted.org/packages/37/95/cd66be30f8ef7e3721add430100982a97e41edad77ad5947b536bd12b550/reru-0.1.2-cp312-cp312-manylinux_2_17_aarch64.manylinux2014_aarch64.whl", hash = "sha256:f098ce49f9f4fde33c6877095671fc1b5996bb4be89c5f72fadfbf4308b459c0", size = 850985, upload-time = "2026-01-30T21:08:58.955Z" },
    { url = "https://files.pythonhosted.org/packages/03/64/fa843e5a1dbd26556e36554b275265b2724e9ea71789d896f1db90f47299/reru-0.1.2-cp312-cp312-manylinux_2_17_x86_64.manylinux2014_x86_64.whl", hash = "sha256:3bd3ed76323957923157adcfef241f5b4df32463f9d971815e0cbe40d50d236c", size = 902251, upload-time = "2026-01-30T21:09:36.252Z" },
    { url = "https://files.pythonhosted.org/packages/f4/79/a0dd61af304f54bd82ade0f0c9bc6fd1391ff9d5ed63eec434ad8bc9bfaf/reru-0.1.2-cp312-cp312-musllinux_1_2_aarch64.whl", hash = "sha256:f99b329e4cdbc44e3584d5396277b3b683365331b2d97b9afce692b7b53426a9", size = 850815, upload-time = "2026-01-30T21:10:34.207Z" },
    { url = "https://files.pythonhosted.org/packages/1f/da/b4dbc4e2405e907d4c7973baa4be8f00ed228a8f2007fdf39a7a30fcbea4/reru-0.1.2-cp312-cp312-musllinux_1_2_x86_64.whl", hash = "sha256:e6c834f7a5130955d19daf666585f8c34438a190a0288f277bdad560487fe9fd", size = 900369, upload-time = "2026-01-30T21:10:32.262Z" },
    { url = "https://files.pythonhosted.org/packages/54/d5/6bf50b502700cb28a1551ec1b639d3c976163d240901c0e63b32e39e8727/reru-0.1.2-cp312-cp312-win_amd64.whl", hash = "sha256:82d7ebc47f1d82b6733ca8c9aebd971afd89b63a73e2a08811b57ab3ab4b98f5", size = 756901, upload-time = "2026-01-30T21:09:24.577Z" },
    { url = "https://files.pythonhosted.org/packages/09/71/6f9b5824cc29f1db26b5ef2abc19cd2ecec464bf0b7a1f7dabc72cfa8da6/reru-0.1.2-cp312-cp312-win_arm64.whl", hash = "sha256:1c4f56d660f1fa68b4ab552df6898ab583e9919f0329d3e437cf2157971e0065", size = 709861, upload-time = "2026-01-30T21:08:46.274Z" },
    { url = "https://files.pythonhosted.org/packages/6e/9f/35d00ea146a3e6e1b3f1064049593b18898d47e62f2fb441a87afa32cd84/reru-0.1.2-cp313-cp313-macosx_10_12_x86_64.whl", hash = "sha256:0954e6f9e5c8e67f99fa54a05935928ec329670e17989c5dc55f7f555d1da3a9", size = 838036, upload-time = "2026-01-30T21:10:14.349Z" },
    { url = "https://files.pythonhosted.org/packages/e5/39/b5cbeb0aac662f25ccb440cb480631046e16a0f253aa0c38af7a641c06b0/reru-0.1.2-cp313-cp313-macosx_11_0_arm64.whl", hash = "sha256:83d1444b184576cd220d71e08b274863d56c55beaf727831671c6ec8e923542c", size = 767625, upload-time = "2026-01-30T21:10:38.921Z" },
    { url = "https://files.pythonhosted.org/packages/47/db/39f00259401bdec196be505bb21645f73d8135ceddf2dd476cdb41212a33/reru-0.1.2-cp313-cp313-manylinux_2_17_aarch64.manylinux2014_aarch64.whl", hash = "sha256:9b0ea99d88e2b2008bcdcac7cd5b02b4fff736418fb02f8d2d0edc7d8fb2092f", size = 850951, upload-time = "2026-01-30T21:09:57.756Z" },
    { url = "https://files.pythonhosted.org/packages/d2/af/5cd8f6a469ec80b3e63a403399a3d2091d3bb7aa2750f573cc9e29215061/reru-0.1.2-cp313-cp313-manylinux_2_17_x86_64.manylinux2014_x86_64.whl", hash = "sha256:3986b8c6315c8c50681f1a3b55e15f8e94a35b2c53e44619054c54630f775287", size = 901918, upload-time = "2026-01-30T21:09:12.231Z" },
    { url = "https://files.pythonhosted.org/packages/3c/f2/44d52774ad756c64a8a57116690acccfde4f517a8495cc63d0ce849b1fad/reru-0.1.2-cp313-cp313-musllinux_1_2_aarch64.whl", hash = "sha256:5826c97603c0e025697e62a8e64e294d79ece5c3ea1a856e9d4b96e3670a2ce1", size = 850492, upload-time = "2026-01-30T21:10:08.182Z" },
    { url = "https://files.pythonhosted.org/packages/15/b3/ea6a73cfd511c94211e1962be00be270d5e22da6eede484f5233b99ad68c/reru-0.1.2-cp313-cp313-musllinux_1_2_x86_64.whl", hash = "sha256:c0680bf0a5e908c4289d1744661da2c01713c89eb265fdc609b2a25cc7c5e002", size = 900094, upload-time = "2026-01-30T21:09:16.266Z" },
    { url = "https://files.pythonhosted.org/packages/0e/fd/8753b8f84dfbcb4495f572fffec4738013ef993d25a6fb32544057848f87/reru-0.1.2-cp313-cp313-win_amd64.whl", hash = "sha256:0510bbdec5dfaf6c5c9a1c2da4e7f6fe03478129da0b42d0607d47cd1f3bec4a", size = 756773, upload-time = "2026-01-30T21:09:49.571Z" },
    { url = "https://files.pythonhosted.org/packages/3a/90/95f63514811d77a4a3971014c07b14f79d2b3c42454835ce8a0ee5fb5773/reru-0.1.2-cp313-cp313-win_arm64.whl", hash = "sha256:168d7c2bb34704f009149e1e60bab7a763d971c469288fd2eb43c64adfa824e6", size = 709711, upload-time = "2026-01-30T21:08:52.941Z" },
    { url = "https://files.pythonhosted.org/packages/7d/66/65451237463b7646d0db63aada6ce0d5d88abf655dacfeddcd601ca895d2/reru-0.1.2-cp314-cp314-macosx_10_12_x86_64.whl", hash = "sha256:628defe7ce72c8ce9d1e8cde9b7e1c4c6349f099e37d52dc9651904ddd6d8458", size = 837299, upload-time = "2026-01-30T21:10:26.031Z" },
    { url = "https://files.pythonhosted.org/packages/8a/dd/c8357dbfc11cb92fd9a3c300ee300bf60c2f8e482c0a43f798f7d55a39c4/reru-0.1.2-cp314-cp314-macosx_11_0_arm64.whl", hash = "sha256:d9f5a1bfd26478ba01ee62dd75a743aed3dcbc70673f4d65c1d6f4b5f2c987f7", size = 766225, upload-time = "2026-01-30T21:10:18.465Z" },
    { url = "https://files.pythonhosted.org/packages/e4/67/2951ac213b0663c2ee73c9c09ab7911a2d5da8e2c34d6d83083d117776d5/reru-0.1.2-cp314-cp314-manylinux_2_17_aarch64.manylinux2014_aarch64.whl", hash = "sha256:111757d86fbdaf4b2553e0e76f21b227c0dbaa3e968cec1b0f55384bba5c6ecc", size = 850449, upload-time = "2026-01-30T21:09:18.636Z" },
    { url = "https://files.pythonhosted.org/packages/24/7e/aac58cd561fa9febb14013a07df16b651dc3fd7c62cf23d82dee3ab0632f/reru-0.1.2-cp314-cp314-manylinux_2_17_x86_64.manylinux2014_x86_64.whl", hash = "sha256:181e4d08c18252ad11f02009b2cf5aae6e9c31c29b1104f5c22664158b265d0f", size = 901122, upload-time = "2026-01-30T21:09:41.148Z" },
    { url = "https://files.pythonhosted.org/packages/ac/2a/a81f9dab5bc912143f980bdaf75187e8aba98ae0e8d958d4143d28b0023a/reru-0.1.2-cp314-cp314-musllinux_1_2_aarch64.whl", hash = "sha256:8be05b02d7cc268e52160c23ccf8596758bf82f1477f8fe76cffdb32c01f79e0", size = 849887, upload-time = "2026-01-30T21:09:59.783Z" },
    { url = "https://files.pythonhosted.org/packages/a1/54/5d8d17749e36e16c4a9e6f87d566949c954d3170e9f3182481257fc1fb6f/reru-0.1.2-cp314-cp314-musllinux_1_2_x86_64.whl", hash = "sha256:f60676258098e170ebdc540e6b2cb9c39968bb28feb939c952a7cc72bc3c32c5", size = 899049, upload-time = "2026-01-30T21:09:03.388Z" },
    { url = "https://files.pythonhosted.org/packages/23/61/406790b4f178069e5f6ba276b18771df81d76b6a7ace41bb66e7d278db98/reru-0.1.2-cp314-cp314-win_amd64.whl", hash = "sha256:dc6c38d1cde68890406ba54c95be7e74bd1fce594eecb3190b4b267cc9dfda73", size = 756154, upload-time = "2026-01-30T21:09:21.401Z" },
    { url = "https://files.pythonhosted.org/packages/ba/97/02bd2c7787528bf88cff633e096140c97f2371fd949cdc9d1e4f38e93e41/reru-0.1.2-cp314-cp314-win_arm64.whl", hash = "sha256:531dbe49cc845ab6a94263beadd4e9632831ae5a8d573bc57af477fca010f102", size = 708606, upload-time = "2026-01-30T21:09:43.215Z" },
    { url = "https://files.pythonhosted.org/packages/89/09/4435ba94997b3470db43f483b32f27c9301f1f5ff3af46dc9e889e67c7ad/reru-0.1.2-cp39-cp39-macosx_10_12_x86_64.whl", hash = "sha256:37d331ce7a769de2547c728fbe9d4e8d3ac0234331ea3ed4db35f06188a99c87", size = 838865, upload-time = "2026-01-30T21:09:47.494Z" },
    { url = "https://files.pythonhosted.org/packages/61/7c/b198f405a47d5c493552a55b2dc8897e1e4fb0ff0962efd45e9914c8bd3b/reru-0.1.2-cp39-cp39-macosx_11_0_arm64.whl", hash = "sha256:0f462d47ef377c16d37e257bf1d7ebca79963cc9e95455db5a2bb9c40085d7eb", size = 769013, upload-time = "2026-01-30T21:10:36.365Z" },
    { url = "https://files.pythonhosted.org/packages/e9/72/124b77e390e593f95ac48d5d37b1d7bb8f7d79d3837f7af9e7e772235098/reru-0.1.2-cp39-cp39-manylinux_2_17_aarch64.manylinux2014_aarch64.whl", hash = "sha256:e360f34786c7f37c825c3d1b2b427c8492ccfb65fc6762ce946150cfbcc3d504", size = 851347, upload-time = "2026-01-30T21:10:21.415Z" },
    { url = "https://files.pythonhosted.org/packages/f1/47/81557ae9251be385d4a53e48819cce4cc5be44d3f0610b2115106ce4ea45/reru-0.1.2-cp39-cp39-manylinux_2_17_x86_64.manylinux2014_x86_64.whl", hash = "sha256:d64456162eefae2992279d42adb687855eb401c9632fa1262d801f698302fa42", size = 901749, upload-time = "2026-01-30T21:10:28.041Z" },
    { url = "https://files.pythonhosted.org/packages/58/e2/3e814d29783b91ef3e6b32cdf5313707df845f873ddb19e002dd905ffddc/reru-0.1.2-cp39-cp39-musllinux_1_2_aarch64.whl", hash = "sha256:2ed975f132ec442c0c5214fcef7c36de99a62b787f08c7edd7cd0ad2db982d3f", size = 851157, upload-time = "2026-01-30T21:09:45.376Z" },
    { url = "https://files.pythonhosted.org/packages/06/12/f2d0e57387c00bb31eae1495ff77ca98104e51b7d5ff7b34dc96aa671594/reru-0.1.2-cp39-cp39-musllinux_1_2_x86_64.whl", hash = "sha256:fcc80e96c8e4ba8d01c78f210789e62506c312514f63b9cb55a6170b5422ce4a", size = 899704, upload-time = "2026-01-30T21:09:26.753Z" },
    { url = "https://files.pythonhosted.org/packages/46/95/71d44c2b26bf4444b7602cda619ce32a9a0915c128287689da22d25fdb21/reru-0.1.2-cp39-cp39-win_amd64.whl", hash = "sha256:e00b21d08e5ba5d5582874f100f102f89cf5468ebbf1eec64a645f677fbd0365", size = 756940, upload-time = "2026-01-30T21:08:56.32Z" },
    { url = "https://files.pythonhosted.org/packages/17/61/cd498e167818ded3c314109990fa6390f926be4a572f7007b6a6198477be/reru-0.1.2-cp39-cp39-win_arm64.whl", hash = "sha256:51b0e43e3c6eaf25b685ae45b2af280da74a7580d6952dd37001ebc0cb49ade5", size = 710153, upload-time = "2026-01-30T21:10:01.789Z" },
]

[[package]]
name = "rure"
version = "0.2.2"
source = { registry = "https://pypi.org/simple" }
dependencies = [
    { name = "cffi" },
    { name = "milksnake" },
    { name = "six" },
]
wheels = [
    { url = "https://files.pythonhosted.org/packages/d1/75/9474d8b212dca29a2543f6b92ae80dec17f9da4ca8f6be8cfef5d459b0a6/rure-0.2.2-py2.py3-none-macosx_10_14_x86_64.whl", hash = "sha256:f8ccec9bea1651ba2334029b12e1665f0f076fadf6ea66402f0554506c30de6c", size = 573820, upload-time = "2019-10-30T14:14:11.691Z" },
    { url = "https://files.pythonhosted.org/packages/4f/fd/71c6edde95b174abc4c3bbb295d9df7add605aa32413300db85126bf0339/rure-0.2.2-py2.py3-none-manylinux1_x86_64.whl", hash = "sha256:c99524e4000b105ed0c4a6f51f58139758652f4fb2fba4862eff775f84de1733", size = 3734433, upload-time = "2019-10-30T14:14:24.092Z" },
]

[[package]]
name = "six"
version = "1.17.0"
source = { registry = "https://pypi.org/simple" }
sdist = { url = "https://files.pythonhosted.org/packages/94/e7/b2c673351809dca68a0e064b6af791aa332cf192da575fd474ed7d6f16a2/six-1.17.0.tar.gz", hash = "sha256:ff70335d468e7eb6ec65b95b99d3a2836546063f63acc5171de367e834932a81", size = 34031, upload-time = "2024-12-04T17:35:28.174Z" }
wheels = [
    { url = "https://files.pythonhosted.org/packages/b7/ce/149a00dd41f10bc29e5921b496af8b574d8413afcd5e30dfa0ed46c2cc5e/six-1.17.0-py2.py3-none-any.whl", hash = "sha256:4721f391ed90541fddacab5acf947aa0d3dc7d27b2e1e8eda2be8970586c3274", size = 11050, upload-time = "2024-12-04T17:35:26.475Z" },
]
